
Microsoft Visual Studio Solution File, Format Version 12.00
# Visual Studio Version 16
VisualStudioVersion = 16.0.29409.12
MinimumVisualStudioVersion = 10.0.40219.1
Project("{FAE04EC0-301F-11D3-BF4B-00C04F79EFBC}") = "Ecommerce_Project", "Ecommerce_Project\Ecommerce_Project.csproj", "{09C3B850-0BD7-4494-8CDC-955BB3BA46EF}"
EndProject
Global
	GlobalSection(SolutionConfigurationPlatforms) = preSolution
		Debug|Any CPU = Debug|Any CPU
		Release|Any CPU = Release|Any CPU
	EndGlobalSection
	GlobalSection(ProjectConfigurationPlatforms) = postSolution
		{09C3B850-0BD7-4494-8CDC-955BB3BA46EF}.Debug|Any CPU.ActiveCfg = Debug|Any CPU
		{09C3B850-0BD7-4494-8CDC-955BB3BA46EF}.Debug|Any CPU.Build.0 = Debug|Any CPU
		{09C3B850-0BD7-4494-8CDC-955BB3BA46EF}.Release|Any CPU.ActiveCfg = Release|Any CPU
		{09C3B850-0BD7-4494-8CDC-955BB3BA46EF}.Release|Any CPU.Build.0 = Release|Any CPU
	EndGlobalSection
	GlobalSection(SolutionProperties) = preSolution
		HideSolutionNode = FALSE
	EndGlobalSection
	GlobalSection(ExtensibilityGlobals) = postSolution
		SolutionGuid = {99797CC7-978F-472F-92D7-BFF764B3E3B6}
	EndGlobalSection
EndGlobal
